
Microsoft Visual Studio Solution File, Format Version 12.00
# Visual Studio 14
VisualStudioVersion = 14.0.25420.1
MinimumVisualStudioVersion = 10.0.40219.1
Project("{FAE04EC0-301F-11D3-BF4B-00C04F79EFBC}") = "WellNet.Excel", "WellNet.Excel.csproj", "{5101EDF2-F6FE-4084-ADD7-D4643C8A3908}"
EndProject
Project("{FAE04EC0-301F-11D3-BF4B-00C04F79EFBC}") = "TestConsoleApp", "TestConsoleApp\TestConsoleApp.csproj", "{4A8F6D14-65C7-4CA8-9559-32F20DA35109}"
EndProject
Global
	GlobalSection(SolutionConfigurationPlatforms) = preSolution
		Debug|Any CPU = Debug|Any CPU
		Release|Any CPU = Release|Any CPU
	EndGlobalSection
	GlobalSection(ProjectConfigurationPlatforms) = postSolution
		{5101EDF2-F6FE-4084-ADD7-D4643C8A3908}.Debug|Any CPU.ActiveCfg = Debug|Any CPU
		{5101EDF2-F6FE-4084-ADD7-D4643C8A3908}.Debug|Any CPU.Build.0 = Debug|Any CPU
		{5101EDF2-F6FE-4084-ADD7-D4643C8A3908}.Release|Any CPU.ActiveCfg = Release|Any CPU
		{5101EDF2-F6FE-4084-ADD7-D4643C8A3908}.Release|Any CPU.Build.0 = Release|Any CPU
		{4A8F6D14-65C7-4CA8-9559-32F20DA35109}.Debug|Any CPU.ActiveCfg = Debug|Any CPU
		{4A8F6D14-65C7-4CA8-9559-32F20DA35109}.Debug|Any CPU.Build.0 = Debug|Any CPU
		{4A8F6D14-65C7-4CA8-9559-32F20DA35109}.Release|Any CPU.ActiveCfg = Release|Any CPU
		{4A8F6D14-65C7-4CA8-9559-32F20DA35109}.Release|Any CPU.Build.0 = Release|Any CPU
	EndGlobalSection
	GlobalSection(SolutionProperties) = preSolution
		HideSolutionNode = FALSE
	EndGlobalSection
EndGlobal
